# THIS IS AN AUTOGENERATED FILE. DO NOT EDIT THIS FILE DIRECTLY.
# yarn lockfile v1


"@ckb-lumos/base@^0.8.0":
  version "0.8.0"
  resolved "https://registry.yarnpkg.com/@ckb-lumos/base/-/base-0.8.0.tgz#4db8724dc6cc769548a71e6f37972ebfa3ca659a"
  integrity sha512-dk05tCGZNuf4qn4H5YyL0xLUaSXbgM6pYqkrZLfC4z88ug5GIwfl6+SduUToIUBY6VWiIVMN2V2zcB2Ri3o3WA==
  dependencies:
    blake2b "^2.1.3"
    ckb-js-toolkit "^0.9.1"
    immutable "^4.0.0-rc.12"
    xxhash "^0.3.0"

"@ckb-lumos/common-scripts@^0.8.0":
  version "0.8.0"
  resolved "https://registry.yarnpkg.com/@ckb-lumos/common-scripts/-/common-scripts-0.8.0.tgz#bc9ae58f1df6627bf8baac0a4dd07b35209a687f"
  integrity sha512-24aJRTT0bq0DwPSTHcb60QBleVWQQaYm/GV5I//qq6VrOV0+zbj8lR+4Ni6+JxpxommwDEhthp8mphLL6BFeiQ==
  dependencies:
    "@ckb-lumos/base" "^0.8.0"
    "@ckb-lumos/config-manager" "^0.8.0"
    "@ckb-lumos/helpers" "^0.8.0"
    ckb-js-toolkit "^0.9.1"
    immutable "^4.0.0-rc.12"

"@ckb-lumos/config-manager@^0.8.0":
  version "0.8.0"
  resolved "https://registry.yarnpkg.com/@ckb-lumos/config-manager/-/config-manager-0.8.0.tgz#1d3c0ddd12bde3ee4969846cae674bee98093d7b"
  integrity sha512-r37pXJefVfTBLda+dyvbH2kDyZ29Lbrt0u47NXAsXLSSEhizodntFQtz4ID1fzi4qDGalsWL6R7Y3FigVgJdAg==
  dependencies:
    deep-freeze-strict "^1.1.1"

"@ckb-lumos/helpers@^0.8.0":
  version "0.8.0"
  resolved "https://registry.yarnpkg.com/@ckb-lumos/helpers/-/helpers-0.8.0.tgz#a27f7ad31ee9bf9be02f26e760fb625b83131f48"
  integrity sha512-Ryy9GbnuFxH+JXep53zDYkWqb0NmnAmD7HeXpEjF/jb3J52qUHV8/hBlE2odeHOrvzR6ipr81ydXSSpdP01Mzw==
  dependencies:
    "@ckb-lumos/base" "^0.8.0"
    bech32 "^1.1.4"
    ckb-js-toolkit "^0.9.1"
    immutable "^4.0.0-rc.12"

bech32@^1.1.4:
  version "1.1.4"
  resolved "https://registry.yarnpkg.com/bech32/-/bech32-1.1.4.tgz#e38c9f37bf179b8eb16ae3a772b40c356d4832e9"
  integrity sha512-s0IrSOzLlbvX7yp4WBfPITzpAU8sqQcpsmwXDiKwrG4r491vwCO/XpejasRNl0piBMe/DvP4Tz0mIS/X1DPJBQ==

blake2b-wasm@^1.1.0:
  version "1.1.7"
  resolved "https://registry.yarnpkg.com/blake2b-wasm/-/blake2b-wasm-1.1.7.tgz#e4d075da10068e5d4c3ec1fb9accc4d186c55d81"
  integrity sha512-oFIHvXhlz/DUgF0kq5B1CqxIDjIJwh9iDeUUGQUcvgiGz7Wdw03McEO7CfLBy7QKGdsydcMCgO9jFNBAFCtFcA==
  dependencies:
    nanoassert "^1.0.0"

blake2b@^2.1.3:
  version "2.1.3"
  resolved "https://registry.yarnpkg.com/blake2b/-/blake2b-2.1.3.tgz#f5388be424768e7c6327025dad0c3c6d83351bca"
  integrity sha512-pkDss4xFVbMb4270aCyGD3qLv92314Et+FsKzilCLxDz5DuZ2/1g3w4nmBbu6nKApPspnjG7JcwTjGZnduB1yg==
  dependencies:
    blake2b-wasm "^1.1.0"
    nanoassert "^1.0.0"

ckb-js-toolkit@^0.9.1:
  version "0.9.1"
  resolved "https://registry.yarnpkg.com/ckb-js-toolkit/-/ckb-js-toolkit-0.9.1.tgz#a4be430f2dd2916f242161824ea05330310e7695"
  integrity sha512-fGMd1WZjafjOkBHFmmsn4vBQb2UPZ4AyMXWLRvGggncpjUoXuonE6GEh8IQQ3Z7CfLpNgDZ/KTznZhvIptuqTA==
  dependencies:
    cross-fetch "^3.0.4"
    jsbi "^3.1.2"

cross-fetch@^3.0.4:
  version "3.0.5"
  resolved "https://registry.yarnpkg.com/cross-fetch/-/cross-fetch-3.0.5.tgz#2739d2981892e7ab488a7ad03b92df2816e03f4c"
  integrity sha512-FFLcLtraisj5eteosnX1gf01qYDCOc4fDy0+euOt8Kn9YBY2NtXL/pCoYPavw24NIQkQqm5ZOLsGD5Zzj0gyew==
  dependencies:
    node-fetch "2.6.0"

crypto-random-string@^2.0.0:
  version "2.0.0"
  resolved "https://registry.yarnpkg.com/crypto-random-string/-/crypto-random-string-2.0.0.tgz#ef2a7a966ec11083388369baa02ebead229b30d5"
  integrity sha512-v1plID3y9r/lPhviJ1wrXpLeyUIGAZ2SHNYTEapm7/8A9nLPoyvVp3RK/EPFqn5kEznyWgYZNsRtYYIWbuG8KA==

deep-freeze-strict@^1.1.1:
  version "1.1.1"
  resolved "https://registry.yarnpkg.com/deep-freeze-strict/-/deep-freeze-strict-1.1.1.tgz#77d0583ca24a69be4bbd9ac2fae415d55523e5b0"
  integrity sha1-d9BYPKJKab5LvZrC+uQV1VUj5bA=

immutable@^4.0.0-rc.12:
  version "4.0.0-rc.12"
  resolved "https://registry.yarnpkg.com/immutable/-/immutable-4.0.0-rc.12.tgz#ca59a7e4c19ae8d9bf74a97bdf0f6e2f2a5d0217"
  integrity sha512-0M2XxkZLx/mi3t8NVwIm1g8nHoEmM9p9UBl/G9k4+hm0kBgOVdMV/B3CY5dQ8qG8qc80NN4gDV4HQv6FTJ5q7A==

is-stream@^2.0.0:
  version "2.0.0"
  resolved "https://registry.yarnpkg.com/is-stream/-/is-stream-2.0.0.tgz#bde9c32680d6fae04129d6ac9d921ce7815f78e3"
  integrity sha512-XCoy+WlUr7d1+Z8GgSuXmpuUFC9fOhRXglJMx+dwLKTkL44Cjd4W1Z5P+BQZpr+cR93aGP4S/s7Ftw6Nd/kiEw==

jsbi@^3.1.2:
  version "3.1.3"
  resolved "https://registry.yarnpkg.com/jsbi/-/jsbi-3.1.3.tgz#f024b340032f7c7caaa6ca4b32b55e8d33f6e897"
  integrity sha512-nBJqA0C6Qns+ZxurbEoIR56wyjiUszpNy70FHvxO5ervMoCbZVE3z3kxr5nKGhlxr/9MhKTSUBs7cAwwuf3g9w==

nan@^2.13.2:
  version "2.14.1"
  resolved "https://registry.yarnpkg.com/nan/-/nan-2.14.1.tgz#d7be34dfa3105b91494c3147089315eff8874b01"
  integrity sha512-isWHgVjnFjh2x2yuJ/tj3JbwoHu3UC2dX5G/88Cm24yB6YopVgxvBObDY7n5xW6ExmFhJpSEQqFPvq9zaXc8Jw==

nanoassert@^1.0.0:
  version "1.1.0"
  resolved "https://registry.yarnpkg.com/nanoassert/-/nanoassert-1.1.0.tgz#4f3152e09540fde28c76f44b19bbcd1d5a42478d"
  integrity sha1-TzFS4JVA/eKMdvRLGbvNHVpCR40=

node-fetch@2.6.0:
  version "2.6.0"
  resolved "https://registry.yarnpkg.com/node-fetch/-/node-fetch-2.6.0.tgz#e633456386d4aa55863f676a7ab0daa8fdecb0fd"
  integrity sha512-8dG4H5ujfvFiqDmVu9fQ5bOHUC15JMjMY/Zumv26oOvvVJjM67KF8koCWIabKQ1GJIa9r2mMZscBq/TbdOcmNA==

prettier@^2.0.5:
  version "2.0.5"
  resolved "https://registry.yarnpkg.com/prettier/-/prettier-2.0.5.tgz#d6d56282455243f2f92cc1716692c08aa31522d4"
  integrity sha512-7PtVymN48hGcO4fGjybyBSIWDsLU4H4XlvOHfq91pz9kkGlonzwTfYkaIEwiRg/dAJF9YlbsduBAgtYLi+8cFg==

temp-dir@^2.0.0:
  version "2.0.0"
  resolved "https://registry.yarnpkg.com/temp-dir/-/temp-dir-2.0.0.tgz#bde92b05bdfeb1516e804c9c00ad45177f31321e"
  integrity sha512-aoBAniQmmwtcKp/7BzsH8Cxzv8OL736p7v1ihGb5e9DJ9kTwGWHrQrVB5+lfVDzfGrdRzXch+ig7LHaY1JTOrg==

tempy@^0.6.0:
  version "0.6.0"
  resolved "https://registry.yarnpkg.com/tempy/-/tempy-0.6.0.tgz#65e2c35abc06f1124a97f387b08303442bde59f3"
  integrity sha512-G13vtMYPT/J8A4X2SjdtBTphZlrp1gKv6hZiOjw14RCWg6GbHuQBGtjlx75xLbYV/wEc0D7G5K4rxKP/cXk8Bw==
  dependencies:
    is-stream "^2.0.0"
    temp-dir "^2.0.0"
    type-fest "^0.16.0"
    unique-string "^2.0.0"

type-fest@^0.16.0:
  version "0.16.0"
  resolved "https://registry.yarnpkg.com/type-fest/-/type-fest-0.16.0.tgz#3240b891a78b0deae910dbeb86553e552a148860"
  integrity sha512-eaBzG6MxNzEn9kiwvtre90cXaNLkmadMWa1zQMs3XORCXNbsH/OewwbxC5ia9dCxIxnTAsSxXJaa/p5y8DlvJg==

unique-string@^2.0.0:
  version "2.0.0"
  resolved "https://registry.yarnpkg.com/unique-string/-/unique-string-2.0.0.tgz#39c6451f81afb2749de2b233e3f7c5e8843bd89d"
  integrity sha512-uNaeirEPvpZWSgzwsPGtU2zVSTrn/8L5q/IexZmH0eH6SA73CmAA5U4GwORTxQAZs95TAXLNqeLoPPNO5gZfWg==
  dependencies:
    crypto-random-string "^2.0.0"

xxhash@^0.3.0:
  version "0.3.0"
  resolved "https://registry.yarnpkg.com/xxhash/-/xxhash-0.3.0.tgz#d20893a62c5b0f7260597dd55859b12a1e02c559"
  integrity sha512-1ud2yyPiR1DJhgyF1ZVMt+Ijrn0VNS/wzej1Z8eSFfkNfRPp8abVZNV2u9tYy9574II0ZayZYZgJm8KJoyGLCw==
  dependencies:
    nan "^2.13.2"
